
Microsoft Visual Studio Solution File, Format Version 12.00
# Visual Studio Version 17
VisualStudioVersion = 17.4.33213.308
MinimumVisualStudioVersion = 10.0.40219.1
Project("{FAE04EC0-301F-11D3-BF4B-00C04F79EFBC}") = "BusinessPortal2", "BusinessPortal2\BusinessPortal2.csproj", "{EF7C33B4-6FE4-4841-8EC4-FD1C0EB24CCF}"
EndProject
Global
	GlobalSection(SolutionConfigurationPlatforms) = preSolution
		Debug|Any CPU = Debug|Any CPU
		Release|Any CPU = Release|Any CPU
	EndGlobalSection
	GlobalSection(ProjectConfigurationPlatforms) = postSolution
		{EF7C33B4-6FE4-4841-8EC4-FD1C0EB24CCF}.Debug|Any CPU.ActiveCfg = Debug|Any CPU
		{EF7C33B4-6FE4-4841-8EC4-FD1C0EB24CCF}.Debug|Any CPU.Build.0 = Debug|Any CPU
		{EF7C33B4-6FE4-4841-8EC4-FD1C0EB24CCF}.Release|Any CPU.ActiveCfg = Release|Any CPU
		{EF7C33B4-6FE4-4841-8EC4-FD1C0EB24CCF}.Release|Any CPU.Build.0 = Release|Any CPU
	EndGlobalSection
	GlobalSection(SolutionProperties) = preSolution
		HideSolutionNode = FALSE
	EndGlobalSection
	GlobalSection(ExtensibilityGlobals) = postSolution
		SolutionGuid = {8AE48CF5-B2E9-4626-8FA9-A709CD67EDF5}
	EndGlobalSection
EndGlobal
